
Microsoft Visual Studio Solution File, Format Version 12.00
# Visual Studio Version 17
VisualStudioVersion = 17.14.36518.9
MinimumVisualStudioVersion = 10.0.40219.1
Project("{2150E333-8FDC-42A3-9474-1A3956D46DE8}") = "Task0", "Task0", "{02EA681E-C7D8-13C7-8484-4AC65E1B71E8}"
EndProject
Project("{FAE04EC0-301F-11D3-BF4B-00C04F79EFBC}") = "Tyuiu.AymurzinaJV.Sprint2.Task0.V15", "Tyuiu.AymurzinaJV.Sprint2.Task0.V15\Tyuiu.AymurzinaJV.Sprint2.Task0.V15.csproj", "{39A2FA02-69C2-4C02-995C-305D8160D90E}"
EndProject
Project("{FAE04EC0-301F-11D3-BF4B-00C04F79EFBC}") = "Tyuiu.AymurzinaJV.Sprint2.Task0.V15.Lib", "Tyuiu.AymurzinaJV.Sprint2.Task0.V15.Lib\Tyuiu.AymurzinaJV.Sprint2.Task0.V15.Lib.csproj", "{746DA713-FAAD-486F-8944-0C1557215472}"
EndProject
Project("{FAE04EC0-301F-11D3-BF4B-00C04F79EFBC}") = "Tyuiu.AymurzinaJV.Sprint2.Task0.V15.Test", "Tyuiu.AymurzinaJV.Sprint2.Task0.V15.Test\Tyuiu.AymurzinaJV.Sprint2.Task0.V15.Test.csproj", "{1EC96149-46C7-4A62-87A4-4D2BA50496C7}"
EndProject
Project("{2150E333-8FDC-42A3-9474-1A3956D46DE8}") = "Task1", "Task1", "{00E7174F-CEB4-43BA-BAFC-4A9891F85989}"
EndProject
Project("{FAE04EC0-301F-11D3-BF4B-00C04F79EFBC}") = "Tyuiu.AymurzinaJV.Sprint2.Task1.V18", "Tyuiu.AymurzinaJV.Sprint2.Task1.V18\Tyuiu.AymurzinaJV.Sprint2.Task1.V18.csproj", "{72F40444-8981-434E-928B-8B2981E7291D}"
EndProject
Project("{FAE04EC0-301F-11D3-BF4B-00C04F79EFBC}") = "Tyuiu.AymurzinaJV.Sprint2.Task1.V18.Lib", "Tyuiu.AymurzinaJV.Sprint2.Task1.V18.Lib\Tyuiu.AymurzinaJV.Sprint2.Task1.V18.Lib.csproj", "{3C0F4C06-1FE3-4DD8-BBBB-F4C114A67813}"
EndProject
Project("{FAE04EC0-301F-11D3-BF4B-00C04F79EFBC}") = "Tyuiu.AymurzinaJV.Sprint2.Task1.V18.Test", "Tyuiu.AymurzinaJV.Sprint2.Task1.V18.Test\Tyuiu.AymurzinaJV.Sprint2.Task1.V18.Test.csproj", "{42C58F2F-C94B-4613-9C49-3068D7D8AAD7}"
EndProject
Project("{2150E333-8FDC-42A3-9474-1A3956D46DE8}") = "Task2", "Task2", "{1CF7EDD3-5FE1-4C72-B110-DC78C28AD9EA}"
EndProject
Project("{FAE04EC0-301F-11D3-BF4B-00C04F79EFBC}") = "Tyuiu.AymurzinaJV.Sprint2.Task2.V15", "Tyuiu.AymurzinaJV.Sprint2.Task2.V15\Tyuiu.AymurzinaJV.Sprint2.Task2.V15.csproj", "{2AE034A6-75EB-48C8-8F1A-9C3BFF119270}"
EndProject
Project("{FAE04EC0-301F-11D3-BF4B-00C04F79EFBC}") = "Tyuiu.AymurzinaJV.Sprint2.Task2.V15.Lib", "Tyuiu.AymurzinaJV.Sprint2.Task2.V15.Lib\Tyuiu.AymurzinaJV.Sprint2.Task2.V15.Lib.csproj", "{6AAB9DCB-24AA-4FA9-8AF2-57E076467B5A}"
EndProject
Project("{FAE04EC0-301F-11D3-BF4B-00C04F79EFBC}") = "Tyuiu.AymurzinaJV.Sprint2.Task2.V15.Test", "Tyuiu.AymurzinaJV.Sprint2.Task2.V15.Test\Tyuiu.AymurzinaJV.Sprint2.Task2.V15.Test.csproj", "{18BD67CB-A9FA-4F42-9228-5791785C601A}"
EndProject
Global
	GlobalSection(SolutionConfigurationPlatforms) = preSolution
		Debug|Any CPU = Debug|Any CPU
		Release|Any CPU = Release|Any CPU
	EndGlobalSection
	GlobalSection(ProjectConfigurationPlatforms) = postSolution
		{39A2FA02-69C2-4C02-995C-305D8160D90E}.Debug|Any CPU.ActiveCfg = Debug|Any CPU
		{39A2FA02-69C2-4C02-995C-305D8160D90E}.Debug|Any CPU.Build.0 = Debug|Any CPU
		{39A2FA02-69C2-4C02-995C-305D8160D90E}.Release|Any CPU.ActiveCfg = Release|Any CPU
		{39A2FA02-69C2-4C02-995C-305D8160D90E}.Release|Any CPU.Build.0 = Release|Any CPU
		{746DA713-FAAD-486F-8944-0C1557215472}.Debug|Any CPU.ActiveCfg = Debug|Any CPU
		{746DA713-FAAD-486F-8944-0C1557215472}.Debug|Any CPU.Build.0 = Debug|Any CPU
		{746DA713-FAAD-486F-8944-0C1557215472}.Release|Any CPU.ActiveCfg = Release|Any CPU
		{746DA713-FAAD-486F-8944-0C1557215472}.Release|Any CPU.Build.0 = Release|Any CPU
		{1EC96149-46C7-4A62-87A4-4D2BA50496C7}.Debug|Any CPU.ActiveCfg = Debug|Any CPU
		{1EC96149-46C7-4A62-87A4-4D2BA50496C7}.Debug|Any CPU.Build.0 = Debug|Any CPU
		{1EC96149-46C7-4A62-87A4-4D2BA50496C7}.Release|Any CPU.ActiveCfg = Release|Any CPU
		{1EC96149-46C7-4A62-87A4-4D2BA50496C7}.Release|Any CPU.Build.0 = Release|Any CPU
		{72F40444-8981-434E-928B-8B2981E7291D}.Debug|Any CPU.ActiveCfg = Debug|Any CPU
		{72F40444-8981-434E-928B-8B2981E7291D}.Debug|Any CPU.Build.0 = Debug|Any CPU
		{72F40444-8981-434E-928B-8B2981E7291D}.Release|Any CPU.ActiveCfg = Release|Any CPU
		{72F40444-8981-434E-928B-8B2981E7291D}.Release|Any CPU.Build.0 = Release|Any CPU
		{3C0F4C06-1FE3-4DD8-BBBB-F4C114A67813}.Debug|Any CPU.ActiveCfg = Debug|Any CPU
		{3C0F4C06-1FE3-4DD8-BBBB-F4C114A67813}.Debug|Any CPU.Build.0 = Debug|Any CPU
		{3C0F4C06-1FE3-4DD8-BBBB-F4C114A67813}.Release|Any CPU.ActiveCfg = Release|Any CPU
		{3C0F4C06-1FE3-4DD8-BBBB-F4C114A67813}.Release|Any CPU.Build.0 = Release|Any CPU
		{42C58F2F-C94B-4613-9C49-3068D7D8AAD7}.Debug|Any CPU.ActiveCfg = Debug|Any CPU
		{42C58F2F-C94B-4613-9C49-3068D7D8AAD7}.Debug|Any CPU.Build.0 = Debug|Any CPU
		{42C58F2F-C94B-4613-9C49-3068D7D8AAD7}.Release|Any CPU.ActiveCfg = Release|Any CPU
		{42C58F2F-C94B-4613-9C49-3068D7D8AAD7}.Release|Any CPU.Build.0 = Release|Any CPU
		{2AE034A6-75EB-48C8-8F1A-9C3BFF119270}.Debug|Any CPU.ActiveCfg = Debug|Any CPU
		{2AE034A6-75EB-48C8-8F1A-9C3BFF119270}.Debug|Any CPU.Build.0 = Debug|Any CPU
		{2AE034A6-75EB-48C8-8F1A-9C3BFF119270}.Release|Any CPU.ActiveCfg = Release|Any CPU
		{2AE034A6-75EB-48C8-8F1A-9C3BFF119270}.Release|Any CPU.Build.0 = Release|Any CPU
		{6AAB9DCB-24AA-4FA9-8AF2-57E076467B5A}.Debug|Any CPU.ActiveCfg = Debug|Any CPU
		{6AAB9DCB-24AA-4FA9-8AF2-57E076467B5A}.Debug|Any CPU.Build.0 = Debug|Any CPU
		{6AAB9DCB-24AA-4FA9-8AF2-57E076467B5A}.Release|Any CPU.ActiveCfg = Release|Any CPU
		{6AAB9DCB-24AA-4FA9-8AF2-57E076467B5A}.Release|Any CPU.Build.0 = Release|Any CPU
		{18BD67CB-A9FA-4F42-9228-5791785C601A}.Debug|Any CPU.ActiveCfg = Debug|Any CPU
		{18BD67CB-A9FA-4F42-9228-5791785C601A}.Debug|Any CPU.Build.0 = Debug|Any CPU
		{18BD67CB-A9FA-4F42-9228-5791785C601A}.Release|Any CPU.ActiveCfg = Release|Any CPU
		{18BD67CB-A9FA-4F42-9228-5791785C601A}.Release|Any CPU.Build.0 = Release|Any CPU
	EndGlobalSection
	GlobalSection(SolutionProperties) = preSolution
		HideSolutionNode = FALSE
	EndGlobalSection
	GlobalSection(NestedProjects) = preSolution
		{39A2FA02-69C2-4C02-995C-305D8160D90E} = {02EA681E-C7D8-13C7-8484-4AC65E1B71E8}
		{746DA713-FAAD-486F-8944-0C1557215472} = {02EA681E-C7D8-13C7-8484-4AC65E1B71E8}
		{1EC96149-46C7-4A62-87A4-4D2BA50496C7} = {02EA681E-C7D8-13C7-8484-4AC65E1B71E8}
		{72F40444-8981-434E-928B-8B2981E7291D} = {00E7174F-CEB4-43BA-BAFC-4A9891F85989}
		{3C0F4C06-1FE3-4DD8-BBBB-F4C114A67813} = {00E7174F-CEB4-43BA-BAFC-4A9891F85989}
		{42C58F2F-C94B-4613-9C49-3068D7D8AAD7} = {00E7174F-CEB4-43BA-BAFC-4A9891F85989}
		{2AE034A6-75EB-48C8-8F1A-9C3BFF119270} = {1CF7EDD3-5FE1-4C72-B110-DC78C28AD9EA}
		{6AAB9DCB-24AA-4FA9-8AF2-57E076467B5A} = {1CF7EDD3-5FE1-4C72-B110-DC78C28AD9EA}
		{18BD67CB-A9FA-4F42-9228-5791785C601A} = {1CF7EDD3-5FE1-4C72-B110-DC78C28AD9EA}
	EndGlobalSection
	GlobalSection(ExtensibilityGlobals) = postSolution
		SolutionGuid = {4A0F263D-10CE-465F-BF0A-4C12E7971CE7}
	EndGlobalSection
EndGlobal
