
Microsoft Visual Studio Solution File, Format Version 12.00
# Visual Studio Version 17
VisualStudioVersion = 17.14.36518.9
MinimumVisualStudioVersion = 10.0.40219.1
Project("{2150E333-8FDC-42A3-9474-1A3956D46DE8}") = "Task0", "Task0", "{02EA681E-C7D8-13C7-8484-4AC65E1B71E8}"
EndProject
Project("{FAE04EC0-301F-11D3-BF4B-00C04F79EFBC}") = "Tyuiu.AymurzinaJV.Sprint2.Task0.V15", "Tyuiu.AymurzinaJV.Sprint2.Task0.V15\Tyuiu.AymurzinaJV.Sprint2.Task0.V15.csproj", "{39A2FA02-69C2-4C02-995C-305D8160D90E}"
EndProject
Project("{FAE04EC0-301F-11D3-BF4B-00C04F79EFBC}") = "Tyuiu.AymurzinaJV.Sprint2.Task0.V15.Lib", "Tyuiu.AymurzinaJV.Sprint2.Task0.V15.Lib\Tyuiu.AymurzinaJV.Sprint2.Task0.V15.Lib.csproj", "{746DA713-FAAD-486F-8944-0C1557215472}"
EndProject
Project("{FAE04EC0-301F-11D3-BF4B-00C04F79EFBC}") = "Tyuiu.AymurzinaJV.Sprint2.Task0.V15.Test", "Tyuiu.AymurzinaJV.Sprint2.Task0.V15.Test\Tyuiu.AymurzinaJV.Sprint2.Task0.V15.Test.csproj", "{1EC96149-46C7-4A62-87A4-4D2BA50496C7}"
EndProject
Project("{2150E333-8FDC-42A3-9474-1A3956D46DE8}") = "Task1", "Task1", "{00E7174F-CEB4-43BA-BAFC-4A9891F85989}"
EndProject
Project("{FAE04EC0-301F-11D3-BF4B-00C04F79EFBC}") = "Tyuiu.AymurzinaJV.Sprint2.Task1.V18", "Tyuiu.AymurzinaJV.Sprint2.Task1.V18\Tyuiu.AymurzinaJV.Sprint2.Task1.V18.csproj", "{72F40444-8981-434E-928B-8B2981E7291D}"
EndProject
Project("{FAE04EC0-301F-11D3-BF4B-00C04F79EFBC}") = "Tyuiu.AymurzinaJV.Sprint2.Task1.V18.Lib", "Tyuiu.AymurzinaJV.Sprint2.Task1.V18.Lib\Tyuiu.AymurzinaJV.Sprint2.Task1.V18.Lib.csproj", "{3C0F4C06-1FE3-4DD8-BBBB-F4C114A67813}"
EndProject
Project("{FAE04EC0-301F-11D3-BF4B-00C04F79EFBC}") = "Tyuiu.AymurzinaJV.Sprint2.Task1.V18.Test", "Tyuiu.AymurzinaJV.Sprint2.Task1.V18.Test\Tyuiu.AymurzinaJV.Sprint2.Task1.V18.Test.csproj", "{42C58F2F-C94B-4613-9C49-3068D7D8AAD7}"
EndProject
Project("{2150E333-8FDC-42A3-9474-1A3956D46DE8}") = "Task2", "Task2", "{1CF7EDD3-5FE1-4C72-B110-DC78C28AD9EA}"
EndProject
Project("{FAE04EC0-301F-11D3-BF4B-00C04F79EFBC}") = "Tyuiu.AymurzinaJV.Sprint2.Task2.V15", "Tyuiu.AymurzinaJV.Sprint2.Task2.V15\Tyuiu.AymurzinaJV.Sprint2.Task2.V15.csproj", "{2AE034A6-75EB-48C8-8F1A-9C3BFF119270}"
EndProject
Project("{FAE04EC0-301F-11D3-BF4B-00C04F79EFBC}") = "Tyuiu.AymurzinaJV.Sprint2.Task2.V15.Lib", "Tyuiu.AymurzinaJV.Sprint2.Task2.V15.Lib\Tyuiu.AymurzinaJV.Sprint2.Task2.V15.Lib.csproj", "{6AAB9DCB-24AA-4FA9-8AF2-57E076467B5A}"
EndProject
Project("{FAE04EC0-301F-11D3-BF4B-00C04F79EFBC}") = "Tyuiu.AymurzinaJV.Sprint2.Task2.V15.Test", "Tyuiu.AymurzinaJV.Sprint2.Task2.V15.Test\Tyuiu.AymurzinaJV.Sprint2.Task2.V15.Test.csproj", "{18BD67CB-A9FA-4F42-9228-5791785C601A}"
EndProject
Project("{2150E333-8FDC-42A3-9474-1A3956D46DE8}") = "Task3", "Task3", "{98FC8FFD-8BA6-4D6A-8B6E-02AF06631A76}"
EndProject
Project("{FAE04EC0-301F-11D3-BF4B-00C04F79EFBC}") = "Tyuiu.AymurzinaJV.Sprint2.Task3.V2", "Tyuiu.AymurzinaJV.Sprint2.Task3.V2\Tyuiu.AymurzinaJV.Sprint2.Task3.V2.csproj", "{6C5310E6-3668-4B16-9ED6-1113C8618BE4}"
EndProject
Project("{FAE04EC0-301F-11D3-BF4B-00C04F79EFBC}") = "Tyuiu.AymurzinaJV.Sprint2.Task3.V2.Lib", "Tyuiu.AymurzinaJV.Sprint2.Task3.V2.Lib\Tyuiu.AymurzinaJV.Sprint2.Task3.V2.Lib.csproj", "{3FBA7CFF-04C7-4673-A701-B4C97E9A79E9}"
EndProject
Project("{FAE04EC0-301F-11D3-BF4B-00C04F79EFBC}") = "Tyuiu.AymurzinaJV.Sprint2.Task3.V2.Test", "Tyuiu.AymurzinaJV.Sprint2.Task3.V2.Test\Tyuiu.AymurzinaJV.Sprint2.Task3.V2.Test.csproj", "{4AB25C95-8F5C-4DFD-B8C3-C06CACD01695}"
EndProject
Project("{2150E333-8FDC-42A3-9474-1A3956D46DE8}") = "Task4", "Task4", "{92FD7700-1824-496F-AED9-40800A007F7F}"
EndProject
Project("{FAE04EC0-301F-11D3-BF4B-00C04F79EFBC}") = "Tyuiu.AymurzinaJV.Sprint2.Task4.V11", "Tyuiu.AymurzinaJV.Sprint2.Task4.V11\Tyuiu.AymurzinaJV.Sprint2.Task4.V11.csproj", "{C64BCA41-52B1-47A8-B053-6614B48A123D}"
EndProject
Project("{FAE04EC0-301F-11D3-BF4B-00C04F79EFBC}") = "Tyuiu.AymurzinaJV.Sprint2.Task4.V11.Lib", "Tyuiu.AymurzinaJV.Sprint2.Task4.V11.Lib\Tyuiu.AymurzinaJV.Sprint2.Task4.V11.Lib.csproj", "{890EA401-8965-4FF0-9019-626B756E9AF4}"
EndProject
Project("{FAE04EC0-301F-11D3-BF4B-00C04F79EFBC}") = "Tyuiu.AymurzinaJV.Sprint2.Task4.V11.Test", "Tyuiu.AymurzinaJV.Sprint2.Task4.V11.Test\Tyuiu.AymurzinaJV.Sprint2.Task4.V11.Test.csproj", "{2DEE564F-77E7-4984-B36B-CBC4A45752FF}"
EndProject
Project("{2150E333-8FDC-42A3-9474-1A3956D46DE8}") = "Task5", "Task5", "{ED50DDC7-6DD2-4B3A-85E2-A850ABF6F788}"
EndProject
Project("{FAE04EC0-301F-11D3-BF4B-00C04F79EFBC}") = "Tyuiu.AymurzinaJV.Sprint2.Task5.V10", "Tyuiu.AymurzinaJV.Sprint2.Task5.V10\Tyuiu.AymurzinaJV.Sprint2.Task5.V10.csproj", "{F74B04AC-554F-459A-AB6B-096B11C8A17A}"
EndProject
Project("{FAE04EC0-301F-11D3-BF4B-00C04F79EFBC}") = "Tyuiu.AymurzinaJV.Sprint2.Task5.V10.Lib", "Tyuiu.AymurzinaJV.Sprint2.Task5.V10.Lib\Tyuiu.AymurzinaJV.Sprint2.Task5.V10.Lib.csproj", "{F6205895-C4C0-4C8F-818A-44F01CEB0C3E}"
EndProject
Project("{FAE04EC0-301F-11D3-BF4B-00C04F79EFBC}") = "Tyuiu.AymurzinaJV.Sprint2.Task5.V10.Test", "Tyuiu.AymurzinaJV.Sprint2.Task5.V10.Test\Tyuiu.AymurzinaJV.Sprint2.Task5.V10.Test.csproj", "{BA9601E9-DBEA-444A-BE8F-E66D5E449D58}"
EndProject
Project("{2150E333-8FDC-42A3-9474-1A3956D46DE8}") = "Task6", "Task6", "{13452909-9F70-40D0-ABA5-7FBD29B83CC5}"
EndProject
Project("{FAE04EC0-301F-11D3-BF4B-00C04F79EFBC}") = "Tyuiu.AymurzinaJV.Sprint2.Task6.V3", "Tyuiu.AymurzinaJV.Sprint2.Task6.V3\Tyuiu.AymurzinaJV.Sprint2.Task6.V3.csproj", "{0726CA1A-D7AE-4AF1-9A3F-09E5A4A73022}"
EndProject
Project("{FAE04EC0-301F-11D3-BF4B-00C04F79EFBC}") = "Tyuiu.AymurzinaJV.Sprint2.Task6.V3.Lib", "Tyuiu.AymurzinaJV.Sprint2.Task6.V3.Lib\Tyuiu.AymurzinaJV.Sprint2.Task6.V3.Lib.csproj", "{B1735D9E-8026-439A-BC3C-E04BE7793D45}"
EndProject
Project("{FAE04EC0-301F-11D3-BF4B-00C04F79EFBC}") = "Tyuiu.AymurzinaJV.Sprint2.Task6.V3.Test", "Tyuiu.AymurzinaJV.Sprint2.Task6.V3.Test\Tyuiu.AymurzinaJV.Sprint2.Task6.V3.Test.csproj", "{5F98C86C-66AE-4589-8847-8D9309F2D86E}"
EndProject
Global
	GlobalSection(SolutionConfigurationPlatforms) = preSolution
		Debug|Any CPU = Debug|Any CPU
		Release|Any CPU = Release|Any CPU
	EndGlobalSection
	GlobalSection(ProjectConfigurationPlatforms) = postSolution
		{39A2FA02-69C2-4C02-995C-305D8160D90E}.Debug|Any CPU.ActiveCfg = Debug|Any CPU
		{39A2FA02-69C2-4C02-995C-305D8160D90E}.Debug|Any CPU.Build.0 = Debug|Any CPU
		{39A2FA02-69C2-4C02-995C-305D8160D90E}.Release|Any CPU.ActiveCfg = Release|Any CPU
		{39A2FA02-69C2-4C02-995C-305D8160D90E}.Release|Any CPU.Build.0 = Release|Any CPU
		{746DA713-FAAD-486F-8944-0C1557215472}.Debug|Any CPU.ActiveCfg = Debug|Any CPU
		{746DA713-FAAD-486F-8944-0C1557215472}.Debug|Any CPU.Build.0 = Debug|Any CPU
		{746DA713-FAAD-486F-8944-0C1557215472}.Release|Any CPU.ActiveCfg = Release|Any CPU
		{746DA713-FAAD-486F-8944-0C1557215472}.Release|Any CPU.Build.0 = Release|Any CPU
		{1EC96149-46C7-4A62-87A4-4D2BA50496C7}.Debug|Any CPU.ActiveCfg = Debug|Any CPU
		{1EC96149-46C7-4A62-87A4-4D2BA50496C7}.Debug|Any CPU.Build.0 = Debug|Any CPU
		{1EC96149-46C7-4A62-87A4-4D2BA50496C7}.Release|Any CPU.ActiveCfg = Release|Any CPU
		{1EC96149-46C7-4A62-87A4-4D2BA50496C7}.Release|Any CPU.Build.0 = Release|Any CPU
		{72F40444-8981-434E-928B-8B2981E7291D}.Debug|Any CPU.ActiveCfg = Debug|Any CPU
		{72F40444-8981-434E-928B-8B2981E7291D}.Debug|Any CPU.Build.0 = Debug|Any CPU
		{72F40444-8981-434E-928B-8B2981E7291D}.Release|Any CPU.ActiveCfg = Release|Any CPU
		{72F40444-8981-434E-928B-8B2981E7291D}.Release|Any CPU.Build.0 = Release|Any CPU
		{3C0F4C06-1FE3-4DD8-BBBB-F4C114A67813}.Debug|Any CPU.ActiveCfg = Debug|Any CPU
		{3C0F4C06-1FE3-4DD8-BBBB-F4C114A67813}.Debug|Any CPU.Build.0 = Debug|Any CPU
		{3C0F4C06-1FE3-4DD8-BBBB-F4C114A67813}.Release|Any CPU.ActiveCfg = Release|Any CPU
		{3C0F4C06-1FE3-4DD8-BBBB-F4C114A67813}.Release|Any CPU.Build.0 = Release|Any CPU
		{42C58F2F-C94B-4613-9C49-3068D7D8AAD7}.Debug|Any CPU.ActiveCfg = Debug|Any CPU
		{42C58F2F-C94B-4613-9C49-3068D7D8AAD7}.Debug|Any CPU.Build.0 = Debug|Any CPU
		{42C58F2F-C94B-4613-9C49-3068D7D8AAD7}.Release|Any CPU.ActiveCfg = Release|Any CPU
		{42C58F2F-C94B-4613-9C49-3068D7D8AAD7}.Release|Any CPU.Build.0 = Release|Any CPU
		{2AE034A6-75EB-48C8-8F1A-9C3BFF119270}.Debug|Any CPU.ActiveCfg = Debug|Any CPU
		{2AE034A6-75EB-48C8-8F1A-9C3BFF119270}.Debug|Any CPU.Build.0 = Debug|Any CPU
		{2AE034A6-75EB-48C8-8F1A-9C3BFF119270}.Release|Any CPU.ActiveCfg = Release|Any CPU
		{2AE034A6-75EB-48C8-8F1A-9C3BFF119270}.Release|Any CPU.Build.0 = Release|Any CPU
		{6AAB9DCB-24AA-4FA9-8AF2-57E076467B5A}.Debug|Any CPU.ActiveCfg = Debug|Any CPU
		{6AAB9DCB-24AA-4FA9-8AF2-57E076467B5A}.Debug|Any CPU.Build.0 = Debug|Any CPU
		{6AAB9DCB-24AA-4FA9-8AF2-57E076467B5A}.Release|Any CPU.ActiveCfg = Release|Any CPU
		{6AAB9DCB-24AA-4FA9-8AF2-57E076467B5A}.Release|Any CPU.Build.0 = Release|Any CPU
		{18BD67CB-A9FA-4F42-9228-5791785C601A}.Debug|Any CPU.ActiveCfg = Debug|Any CPU
		{18BD67CB-A9FA-4F42-9228-5791785C601A}.Debug|Any CPU.Build.0 = Debug|Any CPU
		{18BD67CB-A9FA-4F42-9228-5791785C601A}.Release|Any CPU.ActiveCfg = Release|Any CPU
		{18BD67CB-A9FA-4F42-9228-5791785C601A}.Release|Any CPU.Build.0 = Release|Any CPU
		{6C5310E6-3668-4B16-9ED6-1113C8618BE4}.Debug|Any CPU.ActiveCfg = Debug|Any CPU
		{6C5310E6-3668-4B16-9ED6-1113C8618BE4}.Debug|Any CPU.Build.0 = Debug|Any CPU
		{6C5310E6-3668-4B16-9ED6-1113C8618BE4}.Release|Any CPU.ActiveCfg = Release|Any CPU
		{6C5310E6-3668-4B16-9ED6-1113C8618BE4}.Release|Any CPU.Build.0 = Release|Any CPU
		{3FBA7CFF-04C7-4673-A701-B4C97E9A79E9}.Debug|Any CPU.ActiveCfg = Debug|Any CPU
		{3FBA7CFF-04C7-4673-A701-B4C97E9A79E9}.Debug|Any CPU.Build.0 = Debug|Any CPU
		{3FBA7CFF-04C7-4673-A701-B4C97E9A79E9}.Release|Any CPU.ActiveCfg = Release|Any CPU
		{3FBA7CFF-04C7-4673-A701-B4C97E9A79E9}.Release|Any CPU.Build.0 = Release|Any CPU
		{4AB25C95-8F5C-4DFD-B8C3-C06CACD01695}.Debug|Any CPU.ActiveCfg = Debug|Any CPU
		{4AB25C95-8F5C-4DFD-B8C3-C06CACD01695}.Debug|Any CPU.Build.0 = Debug|Any CPU
		{4AB25C95-8F5C-4DFD-B8C3-C06CACD01695}.Release|Any CPU.ActiveCfg = Release|Any CPU
		{4AB25C95-8F5C-4DFD-B8C3-C06CACD01695}.Release|Any CPU.Build.0 = Release|Any CPU
		{C64BCA41-52B1-47A8-B053-6614B48A123D}.Debug|Any CPU.ActiveCfg = Debug|Any CPU
		{C64BCA41-52B1-47A8-B053-6614B48A123D}.Debug|Any CPU.Build.0 = Debug|Any CPU
		{C64BCA41-52B1-47A8-B053-6614B48A123D}.Release|Any CPU.ActiveCfg = Release|Any CPU
		{C64BCA41-52B1-47A8-B053-6614B48A123D}.Release|Any CPU.Build.0 = Release|Any CPU
		{890EA401-8965-4FF0-9019-626B756E9AF4}.Debug|Any CPU.ActiveCfg = Debug|Any CPU
		{890EA401-8965-4FF0-9019-626B756E9AF4}.Debug|Any CPU.Build.0 = Debug|Any CPU
		{890EA401-8965-4FF0-9019-626B756E9AF4}.Release|Any CPU.ActiveCfg = Release|Any CPU
		{890EA401-8965-4FF0-9019-626B756E9AF4}.Release|Any CPU.Build.0 = Release|Any CPU
		{2DEE564F-77E7-4984-B36B-CBC4A45752FF}.Debug|Any CPU.ActiveCfg = Debug|Any CPU
		{2DEE564F-77E7-4984-B36B-CBC4A45752FF}.Debug|Any CPU.Build.0 = Debug|Any CPU
		{2DEE564F-77E7-4984-B36B-CBC4A45752FF}.Release|Any CPU.ActiveCfg = Release|Any CPU
		{2DEE564F-77E7-4984-B36B-CBC4A45752FF}.Release|Any CPU.Build.0 = Release|Any CPU
		{F74B04AC-554F-459A-AB6B-096B11C8A17A}.Debug|Any CPU.ActiveCfg = Debug|Any CPU
		{F74B04AC-554F-459A-AB6B-096B11C8A17A}.Debug|Any CPU.Build.0 = Debug|Any CPU
		{F74B04AC-554F-459A-AB6B-096B11C8A17A}.Release|Any CPU.ActiveCfg = Release|Any CPU
		{F74B04AC-554F-459A-AB6B-096B11C8A17A}.Release|Any CPU.Build.0 = Release|Any CPU
		{F6205895-C4C0-4C8F-818A-44F01CEB0C3E}.Debug|Any CPU.ActiveCfg = Debug|Any CPU
		{F6205895-C4C0-4C8F-818A-44F01CEB0C3E}.Debug|Any CPU.Build.0 = Debug|Any CPU
		{F6205895-C4C0-4C8F-818A-44F01CEB0C3E}.Release|Any CPU.ActiveCfg = Release|Any CPU
		{F6205895-C4C0-4C8F-818A-44F01CEB0C3E}.Release|Any CPU.Build.0 = Release|Any CPU
		{BA9601E9-DBEA-444A-BE8F-E66D5E449D58}.Debug|Any CPU.ActiveCfg = Debug|Any CPU
		{BA9601E9-DBEA-444A-BE8F-E66D5E449D58}.Debug|Any CPU.Build.0 = Debug|Any CPU
		{BA9601E9-DBEA-444A-BE8F-E66D5E449D58}.Release|Any CPU.ActiveCfg = Release|Any CPU
		{BA9601E9-DBEA-444A-BE8F-E66D5E449D58}.Release|Any CPU.Build.0 = Release|Any CPU
		{0726CA1A-D7AE-4AF1-9A3F-09E5A4A73022}.Debug|Any CPU.ActiveCfg = Debug|Any CPU
		{0726CA1A-D7AE-4AF1-9A3F-09E5A4A73022}.Debug|Any CPU.Build.0 = Debug|Any CPU
		{0726CA1A-D7AE-4AF1-9A3F-09E5A4A73022}.Release|Any CPU.ActiveCfg = Release|Any CPU
		{0726CA1A-D7AE-4AF1-9A3F-09E5A4A73022}.Release|Any CPU.Build.0 = Release|Any CPU
		{B1735D9E-8026-439A-BC3C-E04BE7793D45}.Debug|Any CPU.ActiveCfg = Debug|Any CPU
		{B1735D9E-8026-439A-BC3C-E04BE7793D45}.Debug|Any CPU.Build.0 = Debug|Any CPU
		{B1735D9E-8026-439A-BC3C-E04BE7793D45}.Release|Any CPU.ActiveCfg = Release|Any CPU
		{B1735D9E-8026-439A-BC3C-E04BE7793D45}.Release|Any CPU.Build.0 = Release|Any CPU
		{5F98C86C-66AE-4589-8847-8D9309F2D86E}.Debug|Any CPU.ActiveCfg = Debug|Any CPU
		{5F98C86C-66AE-4589-8847-8D9309F2D86E}.Debug|Any CPU.Build.0 = Debug|Any CPU
		{5F98C86C-66AE-4589-8847-8D9309F2D86E}.Release|Any CPU.ActiveCfg = Release|Any CPU
		{5F98C86C-66AE-4589-8847-8D9309F2D86E}.Release|Any CPU.Build.0 = Release|Any CPU
	EndGlobalSection
	GlobalSection(SolutionProperties) = preSolution
		HideSolutionNode = FALSE
	EndGlobalSection
	GlobalSection(NestedProjects) = preSolution
		{39A2FA02-69C2-4C02-995C-305D8160D90E} = {02EA681E-C7D8-13C7-8484-4AC65E1B71E8}
		{746DA713-FAAD-486F-8944-0C1557215472} = {02EA681E-C7D8-13C7-8484-4AC65E1B71E8}
		{1EC96149-46C7-4A62-87A4-4D2BA50496C7} = {02EA681E-C7D8-13C7-8484-4AC65E1B71E8}
		{72F40444-8981-434E-928B-8B2981E7291D} = {00E7174F-CEB4-43BA-BAFC-4A9891F85989}
		{3C0F4C06-1FE3-4DD8-BBBB-F4C114A67813} = {00E7174F-CEB4-43BA-BAFC-4A9891F85989}
		{42C58F2F-C94B-4613-9C49-3068D7D8AAD7} = {00E7174F-CEB4-43BA-BAFC-4A9891F85989}
		{2AE034A6-75EB-48C8-8F1A-9C3BFF119270} = {1CF7EDD3-5FE1-4C72-B110-DC78C28AD9EA}
		{6AAB9DCB-24AA-4FA9-8AF2-57E076467B5A} = {1CF7EDD3-5FE1-4C72-B110-DC78C28AD9EA}
		{18BD67CB-A9FA-4F42-9228-5791785C601A} = {1CF7EDD3-5FE1-4C72-B110-DC78C28AD9EA}
		{6C5310E6-3668-4B16-9ED6-1113C8618BE4} = {98FC8FFD-8BA6-4D6A-8B6E-02AF06631A76}
		{3FBA7CFF-04C7-4673-A701-B4C97E9A79E9} = {98FC8FFD-8BA6-4D6A-8B6E-02AF06631A76}
		{4AB25C95-8F5C-4DFD-B8C3-C06CACD01695} = {98FC8FFD-8BA6-4D6A-8B6E-02AF06631A76}
		{C64BCA41-52B1-47A8-B053-6614B48A123D} = {92FD7700-1824-496F-AED9-40800A007F7F}
		{890EA401-8965-4FF0-9019-626B756E9AF4} = {92FD7700-1824-496F-AED9-40800A007F7F}
		{2DEE564F-77E7-4984-B36B-CBC4A45752FF} = {92FD7700-1824-496F-AED9-40800A007F7F}
		{F74B04AC-554F-459A-AB6B-096B11C8A17A} = {ED50DDC7-6DD2-4B3A-85E2-A850ABF6F788}
		{F6205895-C4C0-4C8F-818A-44F01CEB0C3E} = {ED50DDC7-6DD2-4B3A-85E2-A850ABF6F788}
		{BA9601E9-DBEA-444A-BE8F-E66D5E449D58} = {ED50DDC7-6DD2-4B3A-85E2-A850ABF6F788}
		{0726CA1A-D7AE-4AF1-9A3F-09E5A4A73022} = {13452909-9F70-40D0-ABA5-7FBD29B83CC5}
		{B1735D9E-8026-439A-BC3C-E04BE7793D45} = {13452909-9F70-40D0-ABA5-7FBD29B83CC5}
		{5F98C86C-66AE-4589-8847-8D9309F2D86E} = {13452909-9F70-40D0-ABA5-7FBD29B83CC5}
	EndGlobalSection
	GlobalSection(ExtensibilityGlobals) = postSolution
		SolutionGuid = {4A0F263D-10CE-465F-BF0A-4C12E7971CE7}
	EndGlobalSection
EndGlobal
